
Microsoft Visual Studio Solution File, Format Version 12.00
# Visual Studio Version 17
VisualStudioVersion = 17.1.32210.238
MinimumVisualStudioVersion = 10.0.40219.1
Project("{FAE04EC0-301F-11D3-BF4B-00C04F79EFBC}") = "VocabularyTrainer2", "VocabularyTrainer2.csproj", "{410EA428-9379-4F2D-BF98-B7498694FE12}"
EndProject
Global
	GlobalSection(SolutionConfigurationPlatforms) = preSolution
		Debug|Any CPU = Debug|Any CPU
		Release|Any CPU = Release|Any CPU
	EndGlobalSection
	GlobalSection(ProjectConfigurationPlatforms) = postSolution
		{410EA428-9379-4F2D-BF98-B7498694FE12}.Debug|Any CPU.ActiveCfg = Debug|Any CPU
		{410EA428-9379-4F2D-BF98-B7498694FE12}.Debug|Any CPU.Build.0 = Debug|Any CPU
		{410EA428-9379-4F2D-BF98-B7498694FE12}.Release|Any CPU.ActiveCfg = Release|Any CPU
		{410EA428-9379-4F2D-BF98-B7498694FE12}.Release|Any CPU.Build.0 = Release|Any CPU
	EndGlobalSection
	GlobalSection(SolutionProperties) = preSolution
		HideSolutionNode = FALSE
	EndGlobalSection
	GlobalSection(ExtensibilityGlobals) = postSolution
		SolutionGuid = {C738FD6A-2E43-4827-B052-CDF89A9597EB}
	EndGlobalSection
EndGlobal
